Microsoft Visual Studio Solution File, Format Version 11.00
# Visual Studio 2008

Project("{1DD65ED4-FEA1-0C97-CB1B-7F54006DE875}") = "Roll a Ball 2", "Assembly-CSharp.csproj", "{E05001F1-B7D4-E394-7D9D-4628122ECA95}"
EndProject
Global
	GlobalSection(SolutionConfigurationPlatforms) = preSolution
		Debug|Any CPU = Debug|Any CPU
		Release|Any CPU = Release|Any CPU
	EndGlobalSection
	GlobalSection(ProjectConfigurationPlatforms) = postSolution
		{E05001F1-B7D4-E394-7D9D-4628122ECA95}.Debug|Any CPU.ActiveCfg = Debug|Any CPU
		{E05001F1-B7D4-E394-7D9D-4628122ECA95}.Debug|Any CPU.Build.0 = Debug|Any CPU
		{E05001F1-B7D4-E394-7D9D-4628122ECA95}.Release|Any CPU.ActiveCfg = Release|Any CPU
		{E05001F1-B7D4-E394-7D9D-4628122ECA95}.Release|Any CPU.Build.0 = Release|Any CPU
	EndGlobalSection
	GlobalSection(SolutionProperties) = preSolution
		HideSolutionNode = FALSE
	EndGlobalSection
	GlobalSection(MonoDevelopProperties) = preSolution
		StartupItem = Assembly-CSharp.csproj
	EndGlobalSection
EndGlobal
